{
  "lockfileVersion": 1,
  "workspaces": {
    "": {
      "name": "clipboard-polyfill",
      "devDependencies": {
        "@biomejs/biome": "^1.1.0",
        "@cubing/deploy": "^0.1.8",
        "@types/bun": "^1.1.0",
        "barely-a-dev-server": "^0.7.1",
        "esbuild": "^0.25.0",
        "typescript": "^5.4.5",
      },
    },
  },
  "packages": {
    "@biomejs/biome": ["@biomejs/biome@1.1.0", "", { "optionalDependencies": { "@biomejs/cli-darwin-arm64": "1.1.0", "@biomejs/cli-darwin-x64": "1.1.0", "@biomejs/cli-linux-arm64": "1.1.0", "@biomejs/cli-linux-x64": "1.1.0", "@biomejs/cli-win32-arm64": "1.1.0", "@biomejs/cli-win32-x64": "1.1.0" }, "bin": { "biome": "bin/biome" } }, "sha512-0cDWzMdKhGq/xhmnEVRUHYp7OPGJdKP/Ykps+z20AeUNbwvxY6sKCtXYxnO2KRD34+3akSzhrzvknM4YsyiFlw=="],

    "@biomejs/cli-darwin-arm64": ["@biomejs/cli-darwin-arm64@1.1.0", "", { "os": "darwin", "cpu": "arm64" }, "sha512-2NbviMV7029//HW3Dltk0BUDcprQCkBPpanleEewJ5rm86f4r9/ELzG0w6LhBsjt10Opy7RpY3Hd6B/WrIRSvw=="],

    "@biomejs/cli-darwin-x64": ["@biomejs/cli-darwin-x64@1.1.0", "", { "os": "darwin", "cpu": "x64" }, "sha512-LuJNjGCBR8LScKTuIIl/mcNVDq2yGfBRYTUAplEmJB/I2/pj2jaD69idaN9AAOodA23i3G1IuZCh4a/8KhFs3g=="],

    "@biomejs/cli-linux-arm64": ["@biomejs/cli-linux-arm64@1.1.0", "", { "os": "linux", "cpu": "arm64" }, "sha512-5D9waO1dB0nZg1TB9LNtc/PT9P5+sapF8J2NHPOzxttIWaM0NNUCJACCtJ8nDdd/pXXsFME2LYYrUeFSIBLD1Q=="],

    "@biomejs/cli-linux-x64": ["@biomejs/cli-linux-x64@1.1.0", "", { "os": "linux", "cpu": "x64" }, "sha512-fsKs7kANBtTR8y/qqoWqIQPmkC7VtnsVN3sy5wmqzT7vjHyZPJoL1QDIiZlYDJO6pVBOjkRniNFCQhtXkZDfWA=="],

    "@biomejs/cli-win32-arm64": ["@biomejs/cli-win32-arm64@1.1.0", "", { "os": "win32", "cpu": "arm64" }, "sha512-u/Q8IjfDFJh5lJx3bUJW2dS/qRtOdU31ZN750xQi5rot0zCHiIcVkQ+aLIREaftmWw4kbVCvJHnpSnZsNGLUqg=="],

    "@biomejs/cli-win32-x64": ["@biomejs/cli-win32-x64@1.1.0", "", { "os": "win32", "cpu": "x64" }, "sha512-1KngaabxKQ0ai3P6UiL0d3tq6P5OQvZ9eVHhaqHkHnmY5th61+1EoILWu6zGKdKc2/O/HS+0qOgeFS8wTEHTaA=="],

    "@cubing/deploy": ["@cubing/deploy@0.1.8", "", { "bin": { "deploy": "src/main.ts" } }, "sha512-3lCjmSQea4S/t+E76Ioq1SlOd/rj7bTRJO21Rph5kdHmYux45coPubYBxqqJ/gJ5/BB1BwNR1RCC6KKpK/Xk1g=="],

    "@esbuild/aix-ppc64": ["@esbuild/aix-ppc64@0.25.0", "", { "os": "aix", "cpu": "ppc64" }, "sha512-O7vun9Sf8DFjH2UtqK8Ku3LkquL9SZL8OLY1T5NZkA34+wG3OQF7cl4Ql8vdNzM6fzBbYfLaiRLIOZ+2FOCgBQ=="],

    "@esbuild/android-arm": ["@esbuild/android-arm@0.25.0", "", { "os": "android", "cpu": "arm" }, "sha512-PTyWCYYiU0+1eJKmw21lWtC+d08JDZPQ5g+kFyxP0V+es6VPPSUhM6zk8iImp2jbV6GwjX4pap0JFbUQN65X1g=="],

    "@esbuild/android-arm64": ["@esbuild/android-arm64@0.25.0", "", { "os": "android", "cpu": "arm64" }, "sha512-grvv8WncGjDSyUBjN9yHXNt+cq0snxXbDxy5pJtzMKGmmpPxeAmAhWxXI+01lU5rwZomDgD3kJwulEnhTRUd6g=="],

    "@esbuild/android-x64": ["@esbuild/android-x64@0.25.0", "", { "os": "android", "cpu": "x64" }, "sha512-m/ix7SfKG5buCnxasr52+LI78SQ+wgdENi9CqyCXwjVR2X4Jkz+BpC3le3AoBPYTC9NHklwngVXvbJ9/Akhrfg=="],

    "@esbuild/darwin-arm64": ["@esbuild/darwin-arm64@0.25.0", "", { "os": "darwin", "cpu": "arm64" }, "sha512-mVwdUb5SRkPayVadIOI78K7aAnPamoeFR2bT5nszFUZ9P8UpK4ratOdYbZZXYSqPKMHfS1wdHCJk1P1EZpRdvw=="],

    "@esbuild/darwin-x64": ["@esbuild/darwin-x64@0.25.0", "", { "os": "darwin", "cpu": "x64" }, "sha512-DgDaYsPWFTS4S3nWpFcMn/33ZZwAAeAFKNHNa1QN0rI4pUjgqf0f7ONmXf6d22tqTY+H9FNdgeaAa+YIFUn2Rg=="],

    "@esbuild/freebsd-arm64": ["@esbuild/freebsd-arm64@0.25.0", "", { "os": "freebsd", "cpu": "arm64" }, "sha512-VN4ocxy6dxefN1MepBx/iD1dH5K8qNtNe227I0mnTRjry8tj5MRk4zprLEdG8WPyAPb93/e4pSgi1SoHdgOa4w=="],

    "@esbuild/freebsd-x64": ["@esbuild/freebsd-x64@0.25.0", "", { "os": "freebsd", "cpu": "x64" }, "sha512-mrSgt7lCh07FY+hDD1TxiTyIHyttn6vnjesnPoVDNmDfOmggTLXRv8Id5fNZey1gl/V2dyVK1VXXqVsQIiAk+A=="],

    "@esbuild/linux-arm": ["@esbuild/linux-arm@0.25.0", "", { "os": "linux", "cpu": "arm" }, "sha512-vkB3IYj2IDo3g9xX7HqhPYxVkNQe8qTK55fraQyTzTX/fxaDtXiEnavv9geOsonh2Fd2RMB+i5cbhu2zMNWJwg=="],

    "@esbuild/linux-arm64": ["@esbuild/linux-arm64@0.25.0", "", { "os": "linux", "cpu": "arm64" }, "sha512-9QAQjTWNDM/Vk2bgBl17yWuZxZNQIF0OUUuPZRKoDtqF2k4EtYbpyiG5/Dk7nqeK6kIJWPYldkOcBqjXjrUlmg=="],

    "@esbuild/linux-ia32": ["@esbuild/linux-ia32@0.25.0", "", { "os": "linux", "cpu": "ia32" }, "sha512-43ET5bHbphBegyeqLb7I1eYn2P/JYGNmzzdidq/w0T8E2SsYL1U6un2NFROFRg1JZLTzdCoRomg8Rvf9M6W6Gg=="],

    "@esbuild/linux-loong64": ["@esbuild/linux-loong64@0.25.0", "", { "os": "linux", "cpu": "none" }, "sha512-fC95c/xyNFueMhClxJmeRIj2yrSMdDfmqJnyOY4ZqsALkDrrKJfIg5NTMSzVBr5YW1jf+l7/cndBfP3MSDpoHw=="],

    "@esbuild/linux-mips64el": ["@esbuild/linux-mips64el@0.25.0", "", { "os": "linux", "cpu": "none" }, "sha512-nkAMFju7KDW73T1DdH7glcyIptm95a7Le8irTQNO/qtkoyypZAnjchQgooFUDQhNAy4iu08N79W4T4pMBwhPwQ=="],

    "@esbuild/linux-ppc64": ["@esbuild/linux-ppc64@0.25.0", "", { "os": "linux", "cpu": "ppc64" }, "sha512-NhyOejdhRGS8Iwv+KKR2zTq2PpysF9XqY+Zk77vQHqNbo/PwZCzB5/h7VGuREZm1fixhs4Q/qWRSi5zmAiO4Fw=="],

    "@esbuild/linux-riscv64": ["@esbuild/linux-riscv64@0.25.0", "", { "os": "linux", "cpu": "none" }, "sha512-5S/rbP5OY+GHLC5qXp1y/Mx//e92L1YDqkiBbO9TQOvuFXM+iDqUNG5XopAnXoRH3FjIUDkeGcY1cgNvnXp/kA=="],

    "@esbuild/linux-s390x": ["@esbuild/linux-s390x@0.25.0", "", { "os": "linux", "cpu": "s390x" }, "sha512-XM2BFsEBz0Fw37V0zU4CXfcfuACMrppsMFKdYY2WuTS3yi8O1nFOhil/xhKTmE1nPmVyvQJjJivgDT+xh8pXJA=="],

    "@esbuild/linux-x64": ["@esbuild/linux-x64@0.25.0", "", { "os": "linux", "cpu": "x64" }, "sha512-9yl91rHw/cpwMCNytUDxwj2XjFpxML0y9HAOH9pNVQDpQrBxHy01Dx+vaMu0N1CKa/RzBD2hB4u//nfc+Sd3Cw=="],

    "@esbuild/netbsd-arm64": ["@esbuild/netbsd-arm64@0.25.0", "", { "os": "none", "cpu": "arm64" }, "sha512-RuG4PSMPFfrkH6UwCAqBzauBWTygTvb1nxWasEJooGSJ/NwRw7b2HOwyRTQIU97Hq37l3npXoZGYMy3b3xYvPw=="],

    "@esbuild/netbsd-x64": ["@esbuild/netbsd-x64@0.25.0", "", { "os": "none", "cpu": "x64" }, "sha512-jl+qisSB5jk01N5f7sPCsBENCOlPiS/xptD5yxOx2oqQfyourJwIKLRA2yqWdifj3owQZCL2sn6o08dBzZGQzA=="],

    "@esbuild/openbsd-arm64": ["@esbuild/openbsd-arm64@0.25.0", "", { "os": "openbsd", "cpu": "arm64" }, "sha512-21sUNbq2r84YE+SJDfaQRvdgznTD8Xc0oc3p3iW/a1EVWeNj/SdUCbm5U0itZPQYRuRTW20fPMWMpcrciH2EJw=="],

    "@esbuild/openbsd-x64": ["@esbuild/openbsd-x64@0.25.0", "", { "os": "openbsd", "cpu": "x64" }, "sha512-2gwwriSMPcCFRlPlKx3zLQhfN/2WjJ2NSlg5TKLQOJdV0mSxIcYNTMhk3H3ulL/cak+Xj0lY1Ym9ysDV1igceg=="],

    "@esbuild/sunos-x64": ["@esbuild/sunos-x64@0.25.0", "", { "os": "sunos", "cpu": "x64" }, "sha512-bxI7ThgLzPrPz484/S9jLlvUAHYMzy6I0XiU1ZMeAEOBcS0VePBFxh1JjTQt3Xiat5b6Oh4x7UC7IwKQKIJRIg=="],

    "@esbuild/win32-arm64": ["@esbuild/win32-arm64@0.25.0", "", { "os": "win32", "cpu": "arm64" }, "sha512-ZUAc2YK6JW89xTbXvftxdnYy3m4iHIkDtK3CLce8wg8M2L+YZhIvO1DKpxrd0Yr59AeNNkTiic9YLf6FTtXWMw=="],

    "@esbuild/win32-ia32": ["@esbuild/win32-ia32@0.25.0", "", { "os": "win32", "cpu": "ia32" }, "sha512-eSNxISBu8XweVEWG31/JzjkIGbGIJN/TrRoiSVZwZ6pkC6VX4Im/WV2cz559/TXLcYbcrDN8JtKgd9DJVIo8GA=="],

    "@esbuild/win32-x64": ["@esbuild/win32-x64@0.25.0", "", { "os": "win32", "cpu": "x64" }, "sha512-ZENoHJBxA20C2zFzh6AI4fT6RraMzjYw4xKWemRTRmRVtN9c5DcH9r/f2ihEkMjOW5eGgrwCslG/+Y/3bL+DHQ=="],

    "@types/bun": ["@types/bun@1.1.0", "", { "dependencies": { "bun-types": "1.1.0" } }, "sha512-QGK0yU4jh0OK1A7DyhPkQuKjHQCC5jSJa3dpWIEhHv/rPfb6zLfdArc4/uUUZBMTcjilsafRXnPWO+1owb572Q=="],

    "@types/node": ["@types/node@20.11.30", "", { "dependencies": { "undici-types": "~5.26.4" } }, "sha512-dHM6ZxwlmuZaRmUPfv1p+KrdD1Dci04FbdEm/9wEMouFqxYoFl5aMkt0VMAUtYRQDyYvD41WJLukhq/ha3YuTw=="],

    "@types/ws": ["@types/ws@8.5.10", "", { "dependencies": { "@types/node": "*" } }, "sha512-vmQSUcfalpIq0R9q7uTo2lXs6eGIpt9wtnLdMv9LVpIjCA/+ufZRozlVoVelIYixx1ugCBKDhn89vnsEGOCx9A=="],

    "barely-a-dev-server": ["barely-a-dev-server@0.7.1", "", { "peerDependencies": { "esbuild": "^0.25.0" } }, "sha512-RiDzA8fH1a4iqchsbq/5Mrt8ScfJm/33RV+GUzNWPvQiVGNJRQFCC3e68L8PXsVw5gKKL5sVAnA/20XIMAY32Q=="],

    "bun-types": ["bun-types@1.1.0", "", { "dependencies": { "@types/node": "~20.11.3", "@types/ws": "~8.5.10" } }, "sha512-GhMDD7TosdJzQPGUOcQD5PZshvXVxDfwGAZs2dq+eSaPsRn3iUCzvpFlsg7Q51bXVzLAUs+FWHlnmpgZ5UggIg=="],

    "esbuild": ["esbuild@0.25.0", "", { "optionalDependencies": { "@esbuild/aix-ppc64": "0.25.0", "@esbuild/android-arm": "0.25.0", "@esbuild/android-arm64": "0.25.0", "@esbuild/android-x64": "0.25.0", "@esbuild/darwin-arm64": "0.25.0", "@esbuild/darwin-x64": "0.25.0", "@esbuild/freebsd-arm64": "0.25.0", "@esbuild/freebsd-x64": "0.25.0", "@esbuild/linux-arm": "0.25.0", "@esbuild/linux-arm64": "0.25.0", "@esbuild/linux-ia32": "0.25.0", "@esbuild/linux-loong64": "0.25.0", "@esbuild/linux-mips64el": "0.25.0", "@esbuild/linux-ppc64": "0.25.0", "@esbuild/linux-riscv64": "0.25.0", "@esbuild/linux-s390x": "0.25.0", "@esbuild/linux-x64": "0.25.0", "@esbuild/netbsd-arm64": "0.25.0", "@esbuild/netbsd-x64": "0.25.0", "@esbuild/openbsd-arm64": "0.25.0", "@esbuild/openbsd-x64": "0.25.0", "@esbuild/sunos-x64": "0.25.0", "@esbuild/win32-arm64": "0.25.0", "@esbuild/win32-ia32": "0.25.0", "@esbuild/win32-x64": "0.25.0" }, "bin": "bin/esbuild" }, "sha512-BXq5mqc8ltbaN34cDqWuYKyNhX8D/Z0J1xdtdQ8UcIIIyJyz+ZMKUt58tF3SrZ85jcfN/PZYhjR5uDQAYNVbuw=="],

    "typescript": ["typescript@5.4.5", "", { "bin": { "tsc": "bin/tsc", "tsserver": "bin/tsserver" } }, "sha512-vcI4UpRgg81oIRUFwR0WSIHKt11nJ7SAVlYNIu+QpqeyXP+gpQJy/Z4+F0aGxSE4MqwjyXvW/TzgkLAx2AGHwQ=="],

    "undici-types": ["undici-types@5.26.5", "", {}, "sha512-JlCMO+ehdEIKqlFxk6IfVoAUVmgz7cU7zD/h9XZ0qzeosSHmUJVOzSQvvYSYWXkFXC+IfLKSIffhv0sVZup6pA=="],
  }
}
